
Microsoft Visual Studio Solution File, Format Version 12.00
# Visual Studio Version 16
VisualStudioVersion = 16.0.30907.101
MinimumVisualStudioVersion = 10.0.40219.1
Project("{FAE04EC0-301F-11D3-BF4B-00C04F79EFBC}") = "ClassMetotDemo", "ClassMetotDemo\ClassMetotDemo.csproj", "{BAEB0E51-9569-45CB-B4D0-012E004D33F3}"
EndProject
Global
	GlobalSection(SolutionConfigurationPlatforms) = preSolution
		Debug|Any CPU = Debug|Any CPU
		Release|Any CPU = Release|Any CPU
	EndGlobalSection
	GlobalSection(ProjectConfigurationPlatforms) = postSolution
		{BAEB0E51-9569-45CB-B4D0-012E004D33F3}.Debug|Any CPU.ActiveCfg = Debug|Any CPU
		{BAEB0E51-9569-45CB-B4D0-012E004D33F3}.Debug|Any CPU.Build.0 = Debug|Any CPU
		{BAEB0E51-9569-45CB-B4D0-012E004D33F3}.Release|Any CPU.ActiveCfg = Release|Any CPU
		{BAEB0E51-9569-45CB-B4D0-012E004D33F3}.Release|Any CPU.Build.0 = Release|Any CPU
	EndGlobalSection
	GlobalSection(SolutionProperties) = preSolution
		HideSolutionNode = FALSE
	EndGlobalSection
	GlobalSection(ExtensibilityGlobals) = postSolution
		SolutionGuid = {913D3BC9-C76D-45E7-9B56-BD6700C1FCF1}
	EndGlobalSection
EndGlobal
